
Microsoft Visual Studio Solution File, Format Version 12.00
# Visual Studio 14
VisualStudioVersion = 14.0.25420.1
MinimumVisualStudioVersion = 10.0.40219.1
Project("{F184B08F-C81C-45F6-A57F-5ABD9991F28F}") = "GUI", "GUI\GUI.vbproj", "{C32D7D0A-1B7A-408D-93CF-EA5B93087FFF}"
EndProject
Global
	GlobalSection(SolutionConfigurationPlatforms) = preSolution
		Debug|Any CPU = Debug|Any CPU
		Release|Any CPU = Release|Any CPU
	EndGlobalSection
	GlobalSection(ProjectConfigurationPlatforms) = postSolution
		{C32D7D0A-1B7A-408D-93CF-EA5B93087FFF}.Debug|Any CPU.ActiveCfg = Debug|Any CPU
		{C32D7D0A-1B7A-408D-93CF-EA5B93087FFF}.Debug|Any CPU.Build.0 = Debug|Any CPU
		{C32D7D0A-1B7A-408D-93CF-EA5B93087FFF}.Release|Any CPU.ActiveCfg = Release|Any CPU
		{C32D7D0A-1B7A-408D-93CF-EA5B93087FFF}.Release|Any CPU.Build.0 = Release|Any CPU
	EndGlobalSection
	GlobalSection(SolutionProperties) = preSolution
		HideSolutionNode = FALSE
	EndGlobalSection
	GlobalSection(ExtensibilityGlobals) = postSolution
		SolutionGuid = {D40199AB-2008-4402-8BBC-019C4410D6E6}
		VisualSVNWorkingCopyRoot = .
	EndGlobalSection
EndGlobal
